{
  "name": "client-ts",
  "version": "1.0.0",
  "lockfileVersion": 3,
  "requires": true,
  "packages": {
    "": {
      "name": "client-ts",
      "version": "1.0.0",
      "license": "ISC",
      "dependencies": {
        "sdk-javascript": "file:../sdk-javascript",
        "sdk-typescript": "file:../sdk-typescript"
      },
      "devDependencies": {
        "@types/sdk-javascript": "file:../sdk-javascript/types"
      }
    },
    "../sdk-javascript": {
      "version": "1.0.0",
      "license": "ISC"
    },
    "../sdk-javascript/types": {
      "dev": true
    },
    "../sdk-typescript": {
      "version": "1.0.0",
      "license": "ISC",
      "devDependencies": {
        "@tsconfig/recommended": "^1.0.2",
        "typescript": "^5.1.3"
      }
    },
    "node_modules/@types/sdk-javascript": {
      "resolved": "../sdk-javascript/types",
      "link": true
    },
    "node_modules/sdk-javascript": {
      "resolved": "../sdk-javascript",
      "link": true
    },
    "node_modules/sdk-typescript": {
      "resolved": "../sdk-typescript",
      "link": true
    }
  }
}
