{
  "name": "client",
  "version": "1.0.0",
  "lockfileVersion": 3,
  "requires": true,
  "packages": {
    "": {
      "name": "client",
      "version": "1.0.0",
      "license": "ISC",
      "dependencies": {
        "sdk-javascript": "file:../sdk-javascript"
      },
      "devDependencies": {
        "@types/sdk-javascript": "file:../sdk-javascript/types"
      }
    },
    "../javascript": {
      "name": "sdk-javascript",
      "version": "1.0.0",
      "extraneous": true,
      "license": "ISC"
    },
    "../javascript/types": {
      "extraneous": true
    },
    "../sdk-javascript": {
      "version": "1.0.0",
      "license": "ISC"
    },
    "../sdk-javascript/types": {
      "dev": true
    },
    "node_modules/@types/sdk-javascript": {
      "resolved": "../sdk-javascript/types",
      "link": true
    },
    "node_modules/sdk-javascript": {
      "resolved": "../sdk-javascript",
      "link": true
    }
  }
}
